// !$*UTF8*$!
{
	archiveVersion = 1;
	classes = {
	};
	objectVersion = 46;
	objects = {

/* Begin PBXBuildFile section */
		3539408A1E612D1F002AF590 /* AppDelegate.swift in Sources */ = {isa = PBXBuildFile; fileRef = 353940891E612D1F002AF590 /* AppDelegate.swift */; };
		3539408F1E612D1F002AF590 /* Main.storyboard in Resources */ = {isa = PBXBuildFile; fileRef = 3539408D1E612D1F002AF590 /* Main.storyboard */; };
		353940921E612D1F002AF590 /* Beyound.xcdatamodeld in Sources */ = {isa = PBXBuildFile; fileRef = 353940901E612D1F002AF590 /* Beyound.xcdatamodeld */; };
		353940941E612D1F002AF590 /* Assets.xcassets in Resources */ = {isa = PBXBuildFile; fileRef = 353940931E612D1F002AF590 /* Assets.xcassets */; };
		353940971E612D1F002AF590 /* LaunchScreen.storyboard in Resources */ = {isa = PBXBuildFile; fileRef = 353940951E612D1F002AF590 /* LaunchScreen.storyboard */; };
		353940A21E612D20002AF590 /* BeyoundTests.swift in Sources */ = {isa = PBXBuildFile; fileRef = 353940A11E612D20002AF590 /* BeyoundTests.swift */; };
		353940AD1E612D20002AF590 /* BeyoundUITests.swift in Sources */ = {isa = PBXBuildFile; fileRef = 353940AC1E612D20002AF590 /* BeyoundUITests.swift */; };
		353940C91E613231002AF590 /* TabBarController.swift in Sources */ = {isa = PBXBuildFile; fileRef = 353940BE1E613231002AF590 /* TabBarController.swift */; };
		353940CA1E613231002AF590 /* AddPostViewController.swift in Sources */ = {isa = PBXBuildFile; fileRef = 353940BF1E613231002AF590 /* AddPostViewController.swift */; };
		353940CB1E613231002AF590 /* LoginViewController.swift in Sources */ = {isa = PBXBuildFile; fileRef = 353940C01E613231002AF590 /* LoginViewController.swift */; };
		353940CC1E613231002AF590 /* SignUpViewController.swift in Sources */ = {isa = PBXBuildFile; fileRef = 353940C11E613231002AF590 /* SignUpViewController.swift */; };
		353940CD1E613231002AF590 /* UserProfileTableViewController.swift in Sources */ = {isa = PBXBuildFile; fileRef = 353940C21E613231002AF590 /* UserProfileTableViewController.swift */; };
		353940CE1E613231002AF590 /* ChooseUserViewController.swift in Sources */ = {isa = PBXBuildFile; fileRef = 353940C31E613231002AF590 /* ChooseUserViewController.swift */; };
		353940CF1E613231002AF590 /* FeedTableViewController.swift in Sources */ = {isa = PBXBuildFile; fileRef = 353940C41E613231002AF590 /* FeedTableViewController.swift */; };
		353940D01E613231002AF590 /* UpdateUserInfoViewController.swift in Sources */ = {isa = PBXBuildFile; fileRef = 353940C51E613231002AF590 /* UpdateUserInfoViewController.swift */; };
		353940D11E613231002AF590 /* CommentsViewController.swift in Sources */ = {isa = PBXBuildFile; fileRef = 353940C61E613231002AF590 /* CommentsViewController.swift */; };
		353940D21E613231002AF590 /* UsersTableViewCell.swift in Sources */ = {isa = PBXBuildFile; fileRef = 353940C71E613231002AF590 /* UsersTableViewCell.swift */; };
		353940D31E613231002AF590 /* UsersTableViewController.swift in Sources */ = {isa = PBXBuildFile; fileRef = 353940C81E613231002AF590 /* UsersTableViewController.swift */; };
		353940D71E613254002AF590 /* AuthService.swift in Sources */ = {isa = PBXBuildFile; fileRef = 353940D41E613254002AF590 /* AuthService.swift */; };
		353940D81E613254002AF590 /* User.swift in Sources */ = {isa = PBXBuildFile; fileRef = 353940D51E613254002AF590 /* User.swift */; };
		353940D91E613254002AF590 /* Post.swift in Sources */ = {isa = PBXBuildFile; fileRef = 353940D61E613254002AF590 /* Post.swift */; };
		353940DF1E613281002AF590 /* userBg.jpeg in Resources */ = {isa = PBXBuildFile; fileRef = 353940DB1E613281002AF590 /* userBg.jpeg */; };
		353940E21E613281002AF590 /* user-placeholder.jpg in Resources */ = {isa = PBXBuildFile; fileRef = 353940DE1E613281002AF590 /* user-placeholder.jpg */; };
		353940E41E613979002AF590 /* IndexViewController.swift in Sources */ = {isa = PBXBuildFile; fileRef = 353940E31E613979002AF590 /* IndexViewController.swift */; };
		353940E61E61403B002AF590 /* Bg.fw.png in Resources */ = {isa = PBXBuildFile; fileRef = 353940E51E61403B002AF590 /* Bg.fw.png */; };
		353940E81E6156C2002AF590 /* user.png in Resources */ = {isa = PBXBuildFile; fileRef = 353940E71E6156C2002AF590 /* user.png */; };
		353940EC1E626F52002AF590 /* IndexInfluenciadorViewController.swift in Sources */ = {isa = PBXBuildFile; fileRef = 353940EB1E626F51002AF590 /* IndexInfluenciadorViewController.swift */; };
		35824B361E765AE500C993E7 /* questions.plist in Resources */ = {isa = PBXBuildFile; fileRef = 35824B351E765AE500C993E7 /* questions.plist */; };
		35F2BC281E7216F5003F33F1 /* QuestionsViewController.swift in Sources */ = {isa = PBXBuildFile; fileRef = 35F2BC271E7216F5003F33F1 /* QuestionsViewController.swift */; };
		4C90293742D3E1BAD1D5C809 /* Pods_BeyoundTests.framework in Frameworks */ = {isa = PBXBuildFile; fileRef = AAF8903B8E1CECD9B53947EE /* Pods_BeyoundTests.framework */; };
		AC10BF701EF0C35D0099DE2C /* UserNotifications.framework in Frameworks */ = {isa = PBXBuildFile; fileRef = AC10BF6F1EF0C35D0099DE2C /* UserNotifications.framework */; };
		AC959BEF1EF4CCD80034EC05 /* IndexInfluenciadorPublicViewController.swift in Sources */ = {isa = PBXBuildFile; fileRef = AC959BEE1EF4CCD80034EC05 /* IndexInfluenciadorPublicViewController.swift */; };
		ACB1161C1ED7797A008A5A2A /* GoogleService-Info.plist in Resources */ = {isa = PBXBuildFile; fileRef = ACB1161B1ED7797A008A5A2A /* GoogleService-Info.plist */; };
		ACC668A11EAFC1E800CBFFF7 /* SearchResultTableCell.swift in Sources */ = {isa = PBXBuildFile; fileRef = ACC668A01EAFC1E800CBFFF7 /* SearchResultTableCell.swift */; };
		E732FCA9BA80FA3247B85C0B /* Pods_BeyoundUITests.framework in Frameworks */ = {isa = PBXBuildFile; fileRef = C49BB35BBDCD7B2A0C4E3D8F /* Pods_BeyoundUITests.framework */; };
		EA756EEABAE5317B45C5BB6A /* Pods_Beyound.framework in Frameworks */ = {isa = PBXBuildFile; fileRef = CFF7644565A58FD8E33DCC64 /* Pods_Beyound.framework */; };
		F5124B4D1E7252150025C24E /* Singleton.swift in Sources */ = {isa = PBXBuildFile; fileRef = F5124B4C1E7252150025C24E /* Singleton.swift */; };
		F53BE3091EA04E4900AB6E61 /* SearchViewController.swift in Sources */ = {isa = PBXBuildFile; fileRef = F53BE3081EA04E4900AB6E61 /* SearchViewController.swift */; };
		F53F37A51E6E5BCC00379FE6 /* HelperWebViewController.swift in Sources */ = {isa = PBXBuildFile; fileRef = F53F37A41E6E5BCC00379FE6 /* HelperWebViewController.swift */; };
		F57B046A1E9DB343001F27D7 /* Search.storyboard in Resources */ = {isa = PBXBuildFile; fileRef = F57B04691E9DB343001F27D7 /* Search.storyboard */; };
		F59E8BFC1E7381680011202F /* QuestionViewController.swift in Sources */ = {isa = PBXBuildFile; fileRef = F59E8BFB1E7381680011202F /* QuestionViewController.swift */; };
		F59E8BFE1E7384F70011202F /* TagViewCell.swift in Sources */ = {isa = PBXBuildFile; fileRef = F59E8BFD1E7384F70011202F /* TagViewCell.swift */; };
		F59E8C001E7386340011202F /* TagViewCell.xib in Resources */ = {isa = PBXBuildFile; fileRef = F59E8BFF1E7386340011202F /* TagViewCell.xib */; };
		F5D9006E1E9C53BC007EDBB5 /* SearchResultController.swift in Sources */ = {isa = PBXBuildFile; fileRef = F5D9006D1E9C53BC007EDBB5 /* SearchResultController.swift */; };
/* End PBXBuildFile section */

/* Begin PBXContainerItemProxy section */
		3539409E1E612D20002AF590 /* PBXContainerItemProxy */ = {
			isa = PBXContainerItemProxy;
			containerPortal = 3539407E1E612D1F002AF590 /* Project object */;
			proxyType = 1;
			remoteGlobalIDString = 353940851E612D1F002AF590;
			remoteInfo = Beyound;
		};
		353940A91E612D20002AF590 /* PBXContainerItemProxy */ = {
			isa = PBXContainerItemProxy;
			containerPortal = 3539407E1E612D1F002AF590 /* Project object */;
			proxyType = 1;
			remoteGlobalIDString = 353940851E612D1F002AF590;
			remoteInfo = Beyound;
		};
/* End PBXContainerItemProxy section */

/* Begin PBXFileReference section */
		20814FB66C5CF5D256D4A4B8 /* Pods-Beyound.release.xcconfig */ = {isa = PBXFileReference; includeInIndex = 1; lastKnownFileType = text.xcconfig; name = "Pods-Beyound.release.xcconfig"; path = "Pods/Target Support Files/Pods-Beyound/Pods-Beyound.release.xcconfig"; sourceTree = "<group>"; };
		353940861E612D1F002AF590 /* Beyound.app */ = {isa = PBXFileReference; explicitFileType = wrapper.application; includeInIndex = 0; path = Beyound.app; sourceTree = BUILT_PRODUCTS_DIR; };
		353940891E612D1F002AF590 /* AppDelegate.swift */ = {isa = PBXFileReference; lastKnownFileType = sourcecode.swift; path = AppDelegate.swift; sourceTree = "<group>"; };
		3539408E1E612D1F002AF590 /* Base */ = {isa = PBXFileReference; lastKnownFileType = file.storyboard; name = Base; path = Base.lproj/Main.storyboard; sourceTree = "<group>"; };
		353940911E612D1F002AF590 /* Beyound.xcdatamodel */ = {isa = PBXFileReference; lastKnownFileType = wrapper.xcdatamodel; path = Beyound.xcdatamodel; sourceTree = "<group>"; };
		353940931E612D1F002AF590 /* Assets.xcassets */ = {isa = PBXFileReference; lastKnownFileType = folder.assetcatalog; path = Assets.xcassets; sourceTree = "<group>"; };
		353940961E612D1F002AF590 /* Base */ = {isa = PBXFileReference; lastKnownFileType = file.storyboard; name = Base; path = Base.lproj/LaunchScreen.storyboard; sourceTree = "<group>"; };
		3539409D1E612D20002AF590 /* BeyoundTests.xctest */ = {isa = PBXFileReference; explicitFileType = wrapper.cfbundle; includeInIndex = 0; path = BeyoundTests.xctest; sourceTree = BUILT_PRODUCTS_DIR; };
		353940A11E612D20002AF590 /* BeyoundTests.swift */ = {isa = PBXFileReference; lastKnownFileType = sourcecode.swift; path = BeyoundTests.swift; sourceTree = "<group>"; };
		353940A31E612D20002AF590 /* Info.plist */ = {isa = PBXFileReference; lastKnownFileType = text.plist.xml; path = Info.plist; sourceTree = "<group>"; };
		353940A81E612D20002AF590 /* BeyoundUITests.xctest */ = {isa = PBXFileReference; explicitFileType = wrapper.cfbundle; includeInIndex = 0; path = BeyoundUITests.xctest; sourceTree = BUILT_PRODUCTS_DIR; };
		353940AC1E612D20002AF590 /* BeyoundUITests.swift */ = {isa = PBXFileReference; lastKnownFileType = sourcecode.swift; path = BeyoundUITests.swift; sourceTree = "<group>"; };
		353940AE1E612D20002AF590 /* Info.plist */ = {isa = PBXFileReference; lastKnownFileType = text.plist.xml; path = Info.plist; sourceTree = "<group>"; };
		353940BE1E613231002AF590 /* TabBarController.swift */ = {isa = PBXFileReference; fileEncoding = 4; lastKnownFileType = sourcecode.swift; path = TabBarController.swift; sourceTree = "<group>"; };
		353940BF1E613231002AF590 /* AddPostViewController.swift */ = {isa = PBXFileReference; fileEncoding = 4; lastKnownFileType = sourcecode.swift; path = AddPostViewController.swift; sourceTree = "<group>"; };
		353940C01E613231002AF590 /* LoginViewController.swift */ = {isa = PBXFileReference; fileEncoding = 4; lastKnownFileType = sourcecode.swift; path = LoginViewController.swift; sourceTree = "<group>"; };
		353940C11E613231002AF590 /* SignUpViewController.swift */ = {isa = PBXFileReference; fileEncoding = 4; lastKnownFileType = sourcecode.swift; path = SignUpViewController.swift; sourceTree = "<group>"; };
		353940C21E613231002AF590 /* UserProfileTableViewController.swift */ = {isa = PBXFileReference; fileEncoding = 4; lastKnownFileType = sourcecode.swift; path = UserProfileTableViewController.swift; sourceTree = "<group>"; };
		353940C31E613231002AF590 /* ChooseUserViewController.swift */ = {isa = PBXFileReference; fileEncoding = 4; lastKnownFileType = sourcecode.swift; path = ChooseUserViewController.swift; sourceTree = "<group>"; };
		353940C41E613231002AF590 /* FeedTableViewController.swift */ = {isa = PBXFileReference; fileEncoding = 4; lastKnownFileType = sourcecode.swift; path = FeedTableViewController.swift; sourceTree = "<group>"; };
		353940C51E613231002AF590 /* UpdateUserInfoViewController.swift */ = {isa = PBXFileReference; fileEncoding = 4; lastKnownFileType = sourcecode.swift; path = UpdateUserInfoViewController.swift; sourceTree = "<group>"; };
		353940C61E613231002AF590 /* CommentsViewController.swift */ = {isa = PBXFileReference; fileEncoding = 4; lastKnownFileType = sourcecode.swift; path = CommentsViewController.swift; sourceTree = "<group>"; };
		353940C71E613231002AF590 /* UsersTableViewCell.swift */ = {isa = PBXFileReference; fileEncoding = 4; lastKnownFileType = sourcecode.swift; path = UsersTableViewCell.swift; sourceTree = "<group>"; };
		353940C81E613231002AF590 /* UsersTableViewController.swift */ = {isa = PBXFileReference; fileEncoding = 4; lastKnownFileType = sourcecode.swift; path = UsersTableViewController.swift; sourceTree = "<group>"; };
		353940D41E613254002AF590 /* AuthService.swift */ = {isa = PBXFileReference; fileEncoding = 4; lastKnownFileType = sourcecode.swift; path = AuthService.swift; sourceTree = "<group>"; };
		353940D51E613254002AF590 /* User.swift */ = {isa = PBXFileReference; fileEncoding = 4; lastKnownFileType = sourcecode.swift; path = User.swift; sourceTree = "<group>"; };
		353940D61E613254002AF590 /* Post.swift */ = {isa = PBXFileReference; fileEncoding = 4; lastKnownFileType = sourcecode.swift; path = Post.swift; sourceTree = "<group>"; };
		353940DB1E613281002AF590 /* userBg.jpeg */ = {isa = PBXFileReference; lastKnownFileType = image.jpeg; path = userBg.jpeg; sourceTree = "<group>"; };
		353940DE1E613281002AF590 /* user-placeholder.jpg */ = {isa = PBXFileReference; lastKnownFileType = image.jpeg; path = "user-placeholder.jpg"; sourceTree = "<group>"; };
		353940E31E613979002AF590 /* IndexViewController.swift */ = {isa = PBXFileReference; fileEncoding = 4; lastKnownFileType = sourcecode.swift; path = IndexViewController.swift; sourceTree = "<group>"; };
		353940E51E61403B002AF590 /* Bg.fw.png */ = {isa = PBXFileReference; lastKnownFileType = image.png; path = Bg.fw.png; sourceTree = "<group>"; };
		353940E71E6156C2002AF590 /* user.png */ = {isa = PBXFileReference; lastKnownFileType = image.png; path = user.png; sourceTree = "<group>"; };
		353940E91E615F9D002AF590 /* Info.plist */ = {isa = PBXFileReference; fileEncoding = 4; lastKnownFileType = text.plist.xml; path = Info.plist; sourceTree = "<group>"; };
		353940EB1E626F51002AF590 /* IndexInfluenciadorViewController.swift */ = {isa = PBXFileReference; fileEncoding = 4; lastKnownFileType = sourcecode.swift; path = IndexInfluenciadorViewController.swift; sourceTree = "<group>"; };
		35824B351E765AE500C993E7 /* questions.plist */ = {isa = PBXFileReference; fileEncoding = 4; lastKnownFileType = text.plist.xml; path = questions.plist; sourceTree = "<group>"; };
		35F2BC271E7216F5003F33F1 /* QuestionsViewController.swift */ = {isa = PBXFileReference; fileEncoding = 4; lastKnownFileType = sourcecode.swift; path = QuestionsViewController.swift; sourceTree = "<group>"; };
		5041436C24F471D03ED724A5 /* Pods-Beyound.debug.xcconfig */ = {isa = PBXFileReference; includeInIndex = 1; lastKnownFileType = text.xcconfig; name = "Pods-Beyound.debug.xcconfig"; path = "Pods/Target Support Files/Pods-Beyound/Pods-Beyound.debug.xcconfig"; sourceTree = "<group>"; };
		6402EF3A0F635DD20173E59F /* Pods-BeyoundTests.debug.xcconfig */ = {isa = PBXFileReference; includeInIndex = 1; lastKnownFileType = text.xcconfig; name = "Pods-BeyoundTests.debug.xcconfig"; path = "Pods/Target Support Files/Pods-BeyoundTests/Pods-BeyoundTests.debug.xcconfig"; sourceTree = "<group>"; };
		68E7E1173953C88D1DEC23E8 /* Pods-BeyoundUITests.debug.xcconfig */ = {isa = PBXFileReference; includeInIndex = 1; lastKnownFileType = text.xcconfig; name = "Pods-BeyoundUITests.debug.xcconfig"; path = "Pods/Target Support Files/Pods-BeyoundUITests/Pods-BeyoundUITests.debug.xcconfig"; sourceTree = "<group>"; };
		8DCBC16F96B6D2E453393B1B /* Pods-BeyoundUITests.release.xcconfig */ = {isa = PBXFileReference; includeInIndex = 1; lastKnownFileType = text.xcconfig; name = "Pods-BeyoundUITests.release.xcconfig"; path = "Pods/Target Support Files/Pods-BeyoundUITests/Pods-BeyoundUITests.release.xcconfig"; sourceTree = "<group>"; };
		A6E5BD152479B958583884CB /* Pods-BeyoundTests.release.xcconfig */ = {isa = PBXFileReference; includeInIndex = 1; lastKnownFileType = text.xcconfig; name = "Pods-BeyoundTests.release.xcconfig"; path = "Pods/Target Support Files/Pods-BeyoundTests/Pods-BeyoundTests.release.xcconfig"; sourceTree = "<group>"; };
		AAF8903B8E1CECD9B53947EE /* Pods_BeyoundTests.framework */ = {isa = PBXFileReference; explicitFileType = wrapper.framework; includeInIndex = 0; path = Pods_BeyoundTests.framework; sourceTree = BUILT_PRODUCTS_DIR; };
		AC10BF6F1EF0C35D0099DE2C /* UserNotifications.framework */ = {isa = PBXFileReference; lastKnownFileType = wrapper.framework; name = UserNotifications.framework; path = System/Library/Frameworks/UserNotifications.framework; sourceTree = SDKROOT; };
		AC10BF711EF0CB310099DE2C /* Beyound.entitlements */ = {isa = PBXFileReference; lastKnownFileType = text.plist.entitlements; path = Beyound.entitlements; sourceTree = "<group>"; };
		AC959BEE1EF4CCD80034EC05 /* IndexInfluenciadorPublicViewController.swift */ = {isa = PBXFileReference; fileEncoding = 4; lastKnownFileType = sourcecode.swift; path = IndexInfluenciadorPublicViewController.swift; sourceTree = "<group>"; };
		ACB1161B1ED7797A008A5A2A /* GoogleService-Info.plist */ = {isa = PBXFileReference; fileEncoding = 4; lastKnownFileType = text.plist.xml; path = "GoogleService-Info.plist"; sourceTree = "<group>"; };
		ACC668A01EAFC1E800CBFFF7 /* SearchResultTableCell.swift */ = {isa = PBXFileReference; fileEncoding = 4; lastKnownFileType = sourcecode.swift; path = SearchResultTableCell.swift; sourceTree = "<group>"; };
		C49BB35BBDCD7B2A0C4E3D8F /* Pods_BeyoundUITests.framework */ = {isa = PBXFileReference; explicitFileType = wrapper.framework; includeInIndex = 0; path = Pods_BeyoundUITests.framework; sourceTree = BUILT_PRODUCTS_DIR; };
		CFF7644565A58FD8E33DCC64 /* Pods_Beyound.framework */ = {isa = PBXFileReference; explicitFileType = wrapper.framework; includeInIndex = 0; path = Pods_Beyound.framework; sourceTree = BUILT_PRODUCTS_DIR; };
		F5124B4C1E7252150025C24E /* Singleton.swift */ = {isa = PBXFileReference; fileEncoding = 4; lastKnownFileType = sourcecode.swift; path = Singleton.swift; sourceTree = "<group>"; };
		F53BE3081EA04E4900AB6E61 /* SearchViewController.swift */ = {isa = PBXFileReference; fileEncoding = 4; lastKnownFileType = sourcecode.swift; path = SearchViewController.swift; sourceTree = "<group>"; };
		F53F37A41E6E5BCC00379FE6 /* HelperWebViewController.swift */ = {isa = PBXFileReference; fileEncoding = 4; lastKnownFileType = sourcecode.swift; path = HelperWebViewController.swift; sourceTree = "<group>"; };
		F57B04691E9DB343001F27D7 /* Search.storyboard */ = {isa = PBXFileReference; fileEncoding = 4; lastKnownFileType = file.storyboard; path = Search.storyboard; sourceTree = "<group>"; };
		F59E8BFB1E7381680011202F /* QuestionViewController.swift */ = {isa = PBXFileReference; fileEncoding = 4; lastKnownFileType = sourcecode.swift; path = QuestionViewController.swift; sourceTree = "<group>"; };
		F59E8BFD1E7384F70011202F /* TagViewCell.swift */ = {isa = PBXFileReference; fileEncoding = 4; lastKnownFileType = sourcecode.swift; path = TagViewCell.swift; sourceTree = "<group>"; };
		F59E8BFF1E7386340011202F /* TagViewCell.xib */ = {isa = PBXFileReference; fileEncoding = 4; lastKnownFileType = file.xib; path = TagViewCell.xib; sourceTree = "<group>"; };
		F5D9006D1E9C53BC007EDBB5 /* SearchResultController.swift */ = {isa = PBXFileReference; fileEncoding = 4; lastKnownFileType = sourcecode.swift; path = SearchResultController.swift; sourceTree = "<group>"; };
/* End PBXFileReference section */

/* Begin PBXFrameworksBuildPhase section */
		353940831E612D1F002AF590 /* Frameworks */ = {
			isa = PBXFrameworksBuildPhase;
			buildActionMask = 2147483647;
			files = (
				AC10BF701EF0C35D0099DE2C /* UserNotifications.framework in Frameworks */,
				EA756EEABAE5317B45C5BB6A /* Pods_Beyound.framework in Frameworks */,
			);
			runOnlyForDeploymentPostprocessing = 0;
		};
		3539409A1E612D20002AF590 /* Frameworks */ = {
			isa = PBXFrameworksBuildPhase;
			buildActionMask = 2147483647;
			files = (
				4C90293742D3E1BAD1D5C809 /* Pods_BeyoundTests.framework in Frameworks */,
			);
			runOnlyForDeploymentPostprocessing = 0;
		};
		353940A51E612D20002AF590 /* Frameworks */ = {
			isa = PBXFrameworksBuildPhase;
			buildActionMask = 2147483647;
			files = (
				E732FCA9BA80FA3247B85C0B /* Pods_BeyoundUITests.framework in Frameworks */,
			);
			runOnlyForDeploymentPostprocessing = 0;
		};
/* End PBXFrameworksBuildPhase section */

/* Begin PBXGroup section */
		3330FF81882B668C9BA313C5 /* Pods */ = {
			isa = PBXGroup;
			children = (
				5041436C24F471D03ED724A5 /* Pods-Beyound.debug.xcconfig */,
				20814FB66C5CF5D256D4A4B8 /* Pods-Beyound.release.xcconfig */,
				6402EF3A0F635DD20173E59F /* Pods-BeyoundTests.debug.xcconfig */,
				A6E5BD152479B958583884CB /* Pods-BeyoundTests.release.xcconfig */,
				68E7E1173953C88D1DEC23E8 /* Pods-BeyoundUITests.debug.xcconfig */,
				8DCBC16F96B6D2E453393B1B /* Pods-BeyoundUITests.release.xcconfig */,
			);
			name = Pods;
			sourceTree = "<group>";
		};
		3539407D1E612D1F002AF590 = {
			isa = PBXGroup;
			children = (
				353940881E612D1F002AF590 /* Beyound */,
				353940A01E612D20002AF590 /* BeyoundTests */,
				353940AB1E612D20002AF590 /* BeyoundUITests */,
				353940871E612D1F002AF590 /* Products */,
				3330FF81882B668C9BA313C5 /* Pods */,
				7A9B07C6E9A52915ADB0DCA0 /* Frameworks */,
			);
			sourceTree = "<group>";
		};
		353940871E612D1F002AF590 /* Products */ = {
			isa = PBXGroup;
			children = (
				353940861E612D1F002AF590 /* Beyound.app */,
				3539409D1E612D20002AF590 /* BeyoundTests.xctest */,
				353940A81E612D20002AF590 /* BeyoundUITests.xctest */,
			);
			name = Products;
			sourceTree = "<group>";
		};
		353940881E612D1F002AF590 /* Beyound */ = {
			isa = PBXGroup;
			children = (
				AC10BF711EF0CB310099DE2C /* Beyound.entitlements */,
				353940BC1E61320C002AF590 /* View Controllers */,
				353940BD1E613220002AF590 /* Models */,
				353940931E612D1F002AF590 /* Assets.xcassets */,
				3539408D1E612D1F002AF590 /* Main.storyboard */,
				F57B04691E9DB343001F27D7 /* Search.storyboard */,
				F59E8BFF1E7386340011202F /* TagViewCell.xib */,
				353940951E612D1F002AF590 /* LaunchScreen.storyboard */,
				353940901E612D1F002AF590 /* Beyound.xcdatamodeld */,
				ACB1161B1ED7797A008A5A2A /* GoogleService-Info.plist */,
				353940E91E615F9D002AF590 /* Info.plist */,
				35824B351E765AE500C993E7 /* questions.plist */,
			);
			path = Beyound;
			sourceTree = "<group>";
		};
		353940A01E612D20002AF590 /* BeyoundTests */ = {
			isa = PBXGroup;
			children = (
				353940A11E612D20002AF590 /* BeyoundTests.swift */,
				353940A31E612D20002AF590 /* Info.plist */,
			);
			path = BeyoundTests;
			sourceTree = "<group>";
		};
		353940AB1E612D20002AF590 /* BeyoundUITests */ = {
			isa = PBXGroup;
			children = (
				353940AC1E612D20002AF590 /* BeyoundUITests.swift */,
				353940AE1E612D20002AF590 /* Info.plist */,
			);
			path = BeyoundUITests;
			sourceTree = "<group>";
		};
		353940BC1E61320C002AF590 /* View Controllers */ = {
			isa = PBXGroup;
			children = (
				35F2BC271E7216F5003F33F1 /* QuestionsViewController.swift */,
				F59E8BFB1E7381680011202F /* QuestionViewController.swift */,
				F53BE3081EA04E4900AB6E61 /* SearchViewController.swift */,
				F59E8BFD1E7384F70011202F /* TagViewCell.swift */,
				353940BE1E613231002AF590 /* TabBarController.swift */,
				F53F37A41E6E5BCC00379FE6 /* HelperWebViewController.swift */,
				353940BF1E613231002AF590 /* AddPostViewController.swift */,
				353940C01E613231002AF590 /* LoginViewController.swift */,
				353940C11E613231002AF590 /* SignUpViewController.swift */,
				353940C21E613231002AF590 /* UserProfileTableViewController.swift */,
				353940EB1E626F51002AF590 /* IndexInfluenciadorViewController.swift */,
				AC959BEE1EF4CCD80034EC05 /* IndexInfluenciadorPublicViewController.swift */,
				F5D9006D1E9C53BC007EDBB5 /* SearchResultController.swift */,
				353940E31E613979002AF590 /* IndexViewController.swift */,
				353940C31E613231002AF590 /* ChooseUserViewController.swift */,
				353940C41E613231002AF590 /* FeedTableViewController.swift */,
				353940C51E613231002AF590 /* UpdateUserInfoViewController.swift */,
				353940C61E613231002AF590 /* CommentsViewController.swift */,
				353940C71E613231002AF590 /* UsersTableViewCell.swift */,
				ACC668A01EAFC1E800CBFFF7 /* SearchResultTableCell.swift */,
				353940C81E613231002AF590 /* UsersTableViewController.swift */,
				353940891E612D1F002AF590 /* AppDelegate.swift */,
			);
			name = "View Controllers";
			sourceTree = "<group>";
		};
		353940BD1E613220002AF590 /* Models */ = {
			isa = PBXGroup;
			children = (
				353940DA1E613266002AF590 /* Images */,
				353940D41E613254002AF590 /* AuthService.swift */,
				353940D51E613254002AF590 /* User.swift */,
				353940D61E613254002AF590 /* Post.swift */,
				F5124B4C1E7252150025C24E /* Singleton.swift */,
			);
			name = Models;
			sourceTree = "<group>";
		};
		353940DA1E613266002AF590 /* Images */ = {
			isa = PBXGroup;
			children = (
				353940DB1E613281002AF590 /* userBg.jpeg */,
				353940E51E61403B002AF590 /* Bg.fw.png */,
				353940E71E6156C2002AF590 /* user.png */,
				353940DE1E613281002AF590 /* user-placeholder.jpg */,
			);
			name = Images;
			sourceTree = "<group>";
		};
		7A9B07C6E9A52915ADB0DCA0 /* Frameworks */ = {
			isa = PBXGroup;
			children = (
				AC10BF6F1EF0C35D0099DE2C /* UserNotifications.framework */,
				CFF7644565A58FD8E33DCC64 /* Pods_Beyound.framework */,
				AAF8903B8E1CECD9B53947EE /* Pods_BeyoundTests.framework */,
				C49BB35BBDCD7B2A0C4E3D8F /* Pods_BeyoundUITests.framework */,
			);
			name = Frameworks;
			sourceTree = "<group>";
		};
/* End PBXGroup section */

/* Begin PBXNativeTarget section */
		353940851E612D1F002AF590 /* Beyound */ = {
			isa = PBXNativeTarget;
			buildConfigurationList = 353940B11E612D20002AF590 /* Build configuration list for PBXNativeTarget "Beyound" */;
			buildPhases = (
				422F6DB37AE74229C0350007 /* [CP] Check Pods Manifest.lock */,
				353940821E612D1F002AF590 /* Sources */,
				353940831E612D1F002AF590 /* Frameworks */,
				353940841E612D1F002AF590 /* Resources */,
				A064CF686E950AA022A67820 /* [CP] Embed Pods Frameworks */,
				BEAD58C3D44C6466DED973AB /* [CP] Copy Pods Resources */,
			);
			buildRules = (
			);
			dependencies = (
			);
			name = Beyound;
			productName = Beyound;
			productReference = 353940861E612D1F002AF590 /* Beyound.app */;
			productType = "com.apple.product-type.application";
		};
		3539409C1E612D20002AF590 /* BeyoundTests */ = {
			isa = PBXNativeTarget;
			buildConfigurationList = 353940B41E612D20002AF590 /* Build configuration list for PBXNativeTarget "BeyoundTests" */;
			buildPhases = (
				71BC262F5703BDA0B704A886 /* [CP] Check Pods Manifest.lock */,
				353940991E612D20002AF590 /* Sources */,
				3539409A1E612D20002AF590 /* Frameworks */,
				3539409B1E612D20002AF590 /* Resources */,
				5A04DD13CB6F46FDD8126324 /* [CP] Embed Pods Frameworks */,
				C2E6B2930E8F54B406D8F38E /* [CP] Copy Pods Resources */,
			);
			buildRules = (
			);
			dependencies = (
				3539409F1E612D20002AF590 /* PBXTargetDependency */,
			);
			name = BeyoundTests;
			productName = BeyoundTests;
			productReference = 3539409D1E612D20002AF590 /* BeyoundTests.xctest */;
			productType = "com.apple.product-type.bundle.unit-test";
		};
		353940A71E612D20002AF590 /* BeyoundUITests */ = {
			isa = PBXNativeTarget;
			buildConfigurationList = 353940B71E612D20002AF590 /* Build configuration list for PBXNativeTarget "BeyoundUITests" */;
			buildPhases = (
				186C213F01AF29E70C2A58B7 /* [CP] Check Pods Manifest.lock */,
				353940A41E612D20002AF590 /* Sources */,
				353940A51E612D20002AF590 /* Frameworks */,
				353940A61E612D20002AF590 /* Resources */,
				BFFC93C28F5605204E132070 /* [CP] Embed Pods Frameworks */,
				FD4DA399DA54F10D158D2E7F /* [CP] Copy Pods Resources */,
			);
			buildRules = (
			);
			dependencies = (
				353940AA1E612D20002AF590 /* PBXTargetDependency */,
			);
			name = BeyoundUITests;
			productName = BeyoundUITests;
			productReference = 353940A81E612D20002AF590 /* BeyoundUITests.xctest */;
			productType = "com.apple.product-type.bundle.ui-testing";
		};
/* End PBXNativeTarget section */

/* Begin PBXProject section */
		3539407E1E612D1F002AF590 /* Project object */ = {
			isa = PBXProject;
			attributes = {
				LastSwiftUpdateCheck = 0820;
				LastUpgradeCheck = 0820;
				ORGANIZATIONNAME = beyound;
				TargetAttributes = {
					353940851E612D1F002AF590 = {
						CreatedOnToolsVersion = 8.2.1;
						DevelopmentTeam = US832MQT35;
						ProvisioningStyle = Automatic;
						SystemCapabilities = {
							com.apple.BackgroundModes = {
								enabled = 1;
							};
							com.apple.Push = {
								enabled = 1;
							};
						};
					};
					3539409C1E612D20002AF590 = {
						CreatedOnToolsVersion = 8.2.1;
						ProvisioningStyle = Automatic;
						TestTargetID = 353940851E612D1F002AF590;
					};
					353940A71E612D20002AF590 = {
						CreatedOnToolsVersion = 8.2.1;
						ProvisioningStyle = Automatic;
						TestTargetID = 353940851E612D1F002AF590;
					};
				};
			};
			buildConfigurationList = 353940811E612D1F002AF590 /* Build configuration list for PBXProject "Beyound" */;
			compatibilityVersion = "Xcode 3.2";
			developmentRegion = English;
			hasScannedForEncodings = 0;
			knownRegions = (
				en,
				Base,
			);
			mainGroup = 3539407D1E612D1F002AF590;
			productRefGroup = 353940871E612D1F002AF590 /* Products */;
			projectDirPath = "";
			projectRoot = "";
			targets = (
				353940851E612D1F002AF590 /* Beyound */,
				3539409C1E612D20002AF590 /* BeyoundTests */,
				353940A71E612D20002AF590 /* BeyoundUITests */,
			);
		};
/* End PBXProject section */

/* Begin PBXResourcesBuildPhase section */
		353940841E612D1F002AF590 /* Resources */ = {
			isa = PBXResourcesBuildPhase;
			buildActionMask = 2147483647;
			files = (
				353940DF1E613281002AF590 /* userBg.jpeg in Resources */,
				353940971E612D1F002AF590 /* LaunchScreen.storyboard in Resources */,
				35824B361E765AE500C993E7 /* questions.plist in Resources */,
				353940E21E613281002AF590 /* user-placeholder.jpg in Resources */,
				F59E8C001E7386340011202F /* TagViewCell.xib in Resources */,
				ACB1161C1ED7797A008A5A2A /* GoogleService-Info.plist in Resources */,
				353940941E612D1F002AF590 /* Assets.xcassets in Resources */,
				F57B046A1E9DB343001F27D7 /* Search.storyboard in Resources */,
				353940E81E6156C2002AF590 /* user.png in Resources */,
				3539408F1E612D1F002AF590 /* Main.storyboard in Resources */,
				353940E61E61403B002AF590 /* Bg.fw.png in Resources */,
			);
			runOnlyForDeploymentPostprocessing = 0;
		};
		3539409B1E612D20002AF590 /* Resources */ = {
			isa = PBXResourcesBuildPhase;
			buildActionMask = 2147483647;
			files = (
			);
			runOnlyForDeploymentPostprocessing = 0;
		};
		353940A61E612D20002AF590 /* Resources */ = {
			isa = PBXResourcesBuildPhase;
			buildActionMask = 2147483647;
			files = (
			);
			runOnlyForDeploymentPostprocessing = 0;
		};
/* End PBXResourcesBuildPhase section */

/* Begin PBXShellScriptBuildPhase section */
		186C213F01AF29E70C2A58B7 /* [CP] Check Pods Manifest.lock */ = {
			isa = PBXShellScriptBuildPhase;
			buildActionMask = 2147483647;
			files = (
			);
			inputPaths = (
			);
			name = "[CP] Check Pods Manifest.lock";
			outputPaths = (
			);
			runOnlyForDeploymentPostprocessing = 0;
			shellPath = /bin/sh;
			shellScript = "diff \"${PODS_ROOT}/../Podfile.lock\" \"${PODS_ROOT}/Manifest.lock\" > /dev/null\nif [ $? != 0 ] ; then\n    # print error to STDERR\n    echo \"error: The sandbox is not in sync with the Podfile.lock. Run 'pod install' or update your CocoaPods installation.\" >&2\n    exit 1\nfi\n";
			showEnvVarsInLog = 0;
		};
		422F6DB37AE74229C0350007 /* [CP] Check Pods Manifest.lock */ = {
			isa = PBXShellScriptBuildPhase;
			buildActionMask = 2147483647;
			files = (
			);
			inputPaths = (
			);
			name = "[CP] Check Pods Manifest.lock";
			outputPaths = (
			);
			runOnlyForDeploymentPostprocessing = 0;
			shellPath = /bin/sh;
			shellScript = "diff \"${PODS_ROOT}/../Podfile.lock\" \"${PODS_ROOT}/Manifest.lock\" > /dev/null\nif [ $? != 0 ] ; then\n    # print error to STDERR\n    echo \"error: The sandbox is not in sync with the Podfile.lock. Run 'pod install' or update your CocoaPods installation.\" >&2\n    exit 1\nfi\n";
			showEnvVarsInLog = 0;
		};
		5A04DD13CB6F46FDD8126324 /* [CP] Embed Pods Frameworks */ = {
			isa = PBXShellScriptBuildPhase;
			buildActionMask = 2147483647;
			files = (
			);
			inputPaths = (
			);
			name = "[CP] Embed Pods Frameworks";
			outputPaths = (
			);
			runOnlyForDeploymentPostprocessing = 0;
			shellPath = /bin/sh;
			shellScript = "\"${SRCROOT}/Pods/Target Support Files/Pods-BeyoundTests/Pods-BeyoundTests-frameworks.sh\"\n";
			showEnvVarsInLog = 0;
		};
		71BC262F5703BDA0B704A886 /* [CP] Check Pods Manifest.lock */ = {
			isa = PBXShellScriptBuildPhase;
			buildActionMask = 2147483647;
			files = (
			);
			inputPaths = (
			);
			name = "[CP] Check Pods Manifest.lock";
			outputPaths = (
			);
			runOnlyForDeploymentPostprocessing = 0;
			shellPath = /bin/sh;
			shellScript = "diff \"${PODS_ROOT}/../Podfile.lock\" \"${PODS_ROOT}/Manifest.lock\" > /dev/null\nif [ $? != 0 ] ; then\n    # print error to STDERR\n    echo \"error: The sandbox is not in sync with the Podfile.lock. Run 'pod install' or update your CocoaPods installation.\" >&2\n    exit 1\nfi\n";
			showEnvVarsInLog = 0;
		};
		A064CF686E950AA022A67820 /* [CP] Embed Pods Frameworks */ = {
			isa = PBXShellScriptBuildPhase;
			buildActionMask = 2147483647;
			files = (
			);
			inputPaths = (
			);
			name = "[CP] Embed Pods Frameworks";
			outputPaths = (
			);
			runOnlyForDeploymentPostprocessing = 0;
			shellPath = /bin/sh;
			shellScript = "\"${SRCROOT}/Pods/Target Support Files/Pods-Beyound/Pods-Beyound-frameworks.sh\"\n";
			showEnvVarsInLog = 0;
		};
		BEAD58C3D44C6466DED973AB /* [CP] Copy Pods Resources */ = {
			isa = PBXShellScriptBuildPhase;
			buildActionMask = 2147483647;
			files = (
			);
			inputPaths = (
			);
			name = "[CP] Copy Pods Resources";
			outputPaths = (
			);
			runOnlyForDeploymentPostprocessing = 0;
			shellPath = /bin/sh;
			shellScript = "\"${SRCROOT}/Pods/Target Support Files/Pods-Beyound/Pods-Beyound-resources.sh\"\n";
			showEnvVarsInLog = 0;
		};
		BFFC93C28F5605204E132070 /* [CP] Embed Pods Frameworks */ = {
			isa = PBXShellScriptBuildPhase;
			buildActionMask = 2147483647;
			files = (
			);
			inputPaths = (
			);
			name = "[CP] Embed Pods Frameworks";
			outputPaths = (
			);
			runOnlyForDeploymentPostprocessing = 0;
			shellPath = /bin/sh;
			shellScript = "\"${SRCROOT}/Pods/Target Support Files/Pods-BeyoundUITests/Pods-BeyoundUITests-frameworks.sh\"\n";
			showEnvVarsInLog = 0;
		};
		C2E6B2930E8F54B406D8F38E /* [CP] Copy Pods Resources */ = {
			isa = PBXShellScriptBuildPhase;
			buildActionMask = 2147483647;
			files = (
			);
			inputPaths = (
			);
			name = "[CP] Copy Pods Resources";
			outputPaths = (
			);
			runOnlyForDeploymentPostprocessing = 0;
			shellPath = /bin/sh;
			shellScript = "\"${SRCROOT}/Pods/Target Support Files/Pods-BeyoundTests/Pods-BeyoundTests-resources.sh\"\n";
			showEnvVarsInLog = 0;
		};
		FD4DA399DA54F10D158D2E7F /* [CP] Copy Pods Resources */ = {
			isa = PBXShellScriptBuildPhase;
			buildActionMask = 2147483647;
			files = (
			);
			inputPaths = (
			);
			name = "[CP] Copy Pods Resources";
			outputPaths = (
			);
			runOnlyForDeploymentPostprocessing = 0;
			shellPath = /bin/sh;
			shellScript = "\"${SRCROOT}/Pods/Target Support Files/Pods-BeyoundUITests/Pods-BeyoundUITests-resources.sh\"\n";
			showEnvVarsInLog = 0;
		};
/* End PBXShellScriptBuildPhase section */

/* Begin PBXSourcesBuildPhase section */
		353940821E612D1F002AF590 /* Sources */ = {
			isa = PBXSourcesBuildPhase;
			buildActionMask = 2147483647;
			files = (
				F5D9006E1E9C53BC007EDBB5 /* SearchResultController.swift in Sources */,
				353940CB1E613231002AF590 /* LoginViewController.swift in Sources */,
				353940CE1E613231002AF590 /* ChooseUserViewController.swift in Sources */,
				353940CC1E613231002AF590 /* SignUpViewController.swift in Sources */,
				353940D21E613231002AF590 /* UsersTableViewCell.swift in Sources */,
				353940CA1E613231002AF590 /* AddPostViewController.swift in Sources */,
				F59E8BFE1E7384F70011202F /* TagViewCell.swift in Sources */,
				353940EC1E626F52002AF590 /* IndexInfluenciadorViewController.swift in Sources */,
				35F2BC281E7216F5003F33F1 /* QuestionsViewController.swift in Sources */,
				353940C91E613231002AF590 /* TabBarController.swift in Sources */,
				353940D01E613231002AF590 /* UpdateUserInfoViewController.swift in Sources */,
				353940E41E613979002AF590 /* IndexViewController.swift in Sources */,
				F59E8BFC1E7381680011202F /* QuestionViewController.swift in Sources */,
				3539408A1E612D1F002AF590 /* AppDelegate.swift in Sources */,
				353940D81E613254002AF590 /* User.swift in Sources */,
				F53BE3091EA04E4900AB6E61 /* SearchViewController.swift in Sources */,
				353940D11E613231002AF590 /* CommentsViewController.swift in Sources */,
				F53F37A51E6E5BCC00379FE6 /* HelperWebViewController.swift in Sources */,
				AC959BEF1EF4CCD80034EC05 /* IndexInfluenciadorPublicViewController.swift in Sources */,
				F5124B4D1E7252150025C24E /* Singleton.swift in Sources */,
				ACC668A11EAFC1E800CBFFF7 /* SearchResultTableCell.swift in Sources */,
				353940CF1E613231002AF590 /* FeedTableViewController.swift in Sources */,
				353940D91E613254002AF590 /* Post.swift in Sources */,
				353940CD1E613231002AF590 /* UserProfileTableViewController.swift in Sources */,
				353940D31E613231002AF590 /* UsersTableViewController.swift in Sources */,
				353940921E612D1F002AF590 /* Beyound.xcdatamodeld in Sources */,
				353940D71E613254002AF590 /* AuthService.swift in Sources */,
			);
			runOnlyForDeploymentPostprocessing = 0;
		};
		353940991E612D20002AF590 /* Sources */ = {
			isa = PBXSourcesBuildPhase;
			buildActionMask = 2147483647;
			files = (
				353940A21E612D20002AF590 /* BeyoundTests.swift in Sources */,
			);
			runOnlyForDeploymentPostprocessing = 0;
		};
		353940A41E612D20002AF590 /* Sources */ = {
			isa = PBXSourcesBuildPhase;
			buildActionMask = 2147483647;
			files = (
				353940AD1E612D20002AF590 /* BeyoundUITests.swift in Sources */,
			);
			runOnlyForDeploymentPostprocessing = 0;
		};
/* End PBXSourcesBuildPhase section */

/* Begin PBXTargetDependency section */
		3539409F1E612D20002AF590 /* PBXTargetDependency */ = {
			isa = PBXTargetDependency;
			target = 353940851E612D1F002AF590 /* Beyound */;
			targetProxy = 3539409E1E612D20002AF590 /* PBXContainerItemProxy */;
		};
		353940AA1E612D20002AF590 /* PBXTargetDependency */ = {
			isa = PBXTargetDependency;
			target = 353940851E612D1F002AF590 /* Beyound */;
			targetProxy = 353940A91E612D20002AF590 /* PBXContainerItemProxy */;
		};
/* End PBXTargetDependency section */

/* Begin PBXVariantGroup section */
		3539408D1E612D1F002AF590 /* Main.storyboard */ = {
			isa = PBXVariantGroup;
			children = (
				3539408E1E612D1F002AF590 /* Base */,
			);
			name = Main.storyboard;
			sourceTree = "<group>";
		};
		353940951E612D1F002AF590 /* LaunchScreen.storyboard */ = {
			isa = PBXVariantGroup;
			children = (
				353940961E612D1F002AF590 /* Base */,
			);
			name = LaunchScreen.storyboard;
			sourceTree = "<group>";
		};
/* End PBXVariantGroup section */

/* Begin XCBuildConfiguration section */
		353940AF1E612D20002AF590 /* Debug */ = {
			isa = XCBuildConfiguration;
			buildSettings = {
				ALWAYS_SEARCH_USER_PATHS = NO;
				CLANG_ANALYZER_NONNULL = YES;
				CLANG_CXX_LANGUAGE_STANDARD = "gnu++0x";
				CLANG_CXX_LIBRARY = "libc++";
				CLANG_ENABLE_MODULES = YES;
				CLANG_ENABLE_OBJC_ARC = YES;
				CLANG_WARN_BOOL_CONVERSION = YES;
				CLANG_WARN_CONSTANT_CONVERSION = YES;
				CLANG_WARN_DIRECT_OBJC_ISA_USAGE = YES_ERROR;
				CLANG_WARN_DOCUMENTATION_COMMENTS = YES;
				CLANG_WARN_EMPTY_BODY = YES;
				CLANG_WARN_ENUM_CONVERSION = YES;
				CLANG_WARN_INFINITE_RECURSION = YES;
				CLANG_WARN_INT_CONVERSION = YES;
				CLANG_WARN_OBJC_ROOT_CLASS = YES_ERROR;
				CLANG_WARN_SUSPICIOUS_MOVE = YES;
				CLANG_WARN_UNREACHABLE_CODE = YES;
				CLANG_WARN__DUPLICATE_METHOD_MATCH = YES;
				"CODE_SIGN_IDENTITY[sdk=iphoneos*]" = "iPhone Developer";
				COPY_PHASE_STRIP = NO;
				DEBUG_INFORMATION_FORMAT = dwarf;
				ENABLE_STRICT_OBJC_MSGSEND = YES;
				ENABLE_TESTABILITY = YES;
				GCC_C_LANGUAGE_STANDARD = gnu99;
				GCC_DYNAMIC_NO_PIC = NO;
				GCC_NO_COMMON_BLOCKS = YES;
				GCC_OPTIMIZATION_LEVEL = 0;
				GCC_PREPROCESSOR_DEFINITIONS = (
					"DEBUG=1",
					"$(inherited)",
				);
				GCC_WARN_64_TO_32_BIT_CONVERSION = YES;
				GCC_WARN_ABOUT_RETURN_TYPE = YES_ERROR;
				GCC_WARN_UNDECLARED_SELECTOR = YES;
				GCC_WARN_UNINITIALIZED_AUTOS = YES_AGGRESSIVE;
				GCC_WARN_UNUSED_FUNCTION = YES;
				GCC_WARN_UNUSED_VARIABLE = YES;
				IPHONEOS_DEPLOYMENT_TARGET = 10.2;
				MTL_ENABLE_DEBUG_INFO = YES;
				ONLY_ACTIVE_ARCH = YES;
				SDKROOT = iphoneos;
				SWIFT_ACTIVE_COMPILATION_CONDITIONS = DEBUG;
				SWIFT_OPTIMIZATION_LEVEL = "-Onone";
			};
			name = Debug;
		};
		353940B01E612D20002AF590 /* Release */ = {
			isa = XCBuildConfiguration;
			buildSettings = {
				ALWAYS_SEARCH_USER_PATHS = NO;
				CLANG_ANALYZER_NONNULL = YES;
				CLANG_CXX_LANGUAGE_STANDARD = "gnu++0x";
				CLANG_CXX_LIBRARY = "libc++";
				CLANG_ENABLE_MODULES = YES;
				CLANG_ENABLE_OBJC_ARC = YES;
				CLANG_WARN_BOOL_CONVERSION = YES;
				CLANG_WARN_CONSTANT_CONVERSION = YES;
				CLANG_WARN_DIRECT_OBJC_ISA_USAGE = YES_ERROR;
				CLANG_WARN_DOCUMENTATION_COMMENTS = YES;
				CLANG_WARN_EMPTY_BODY = YES;
				CLANG_WARN_ENUM_CONVERSION = YES;
				CLANG_WARN_INFINITE_RECURSION = YES;
				CLANG_WARN_INT_CONVERSION = YES;
				CLANG_WARN_OBJC_ROOT_CLASS = YES_ERROR;
				CLANG_WARN_SUSPICIOUS_MOVE = YES;
				CLANG_WARN_UNREACHABLE_CODE = YES;
				CLANG_WARN__DUPLICATE_METHOD_MATCH = YES;
				"CODE_SIGN_IDENTITY[sdk=iphoneos*]" = "iPhone Developer";
				COPY_PHASE_STRIP = NO;
				DEBUG_INFORMATION_FORMAT = "dwarf-with-dsym";
				ENABLE_NS_ASSERTIONS = NO;
				ENABLE_STRICT_OBJC_MSGSEND = YES;
				GCC_C_LANGUAGE_STANDARD = gnu99;
				GCC_NO_COMMON_BLOCKS = YES;
				GCC_WARN_64_TO_32_BIT_CONVERSION = YES;
				GCC_WARN_ABOUT_RETURN_TYPE = YES_ERROR;
				GCC_WARN_UNDECLARED_SELECTOR = YES;
				GCC_WARN_UNINITIALIZED_AUTOS = YES_AGGRESSIVE;
				GCC_WARN_UNUSED_FUNCTION = YES;
				GCC_WARN_UNUSED_VARIABLE = YES;
				IPHONEOS_DEPLOYMENT_TARGET = 10.2;
				MTL_ENABLE_DEBUG_INFO = NO;
				SDKROOT = iphoneos;
				SWIFT_OPTIMIZATION_LEVEL = "-Owholemodule";
				VALIDATE_PRODUCT = YES;
			};
			name = Release;
		};
		353940B21E612D20002AF590 /* Debug */ = {
			isa = XCBuildConfiguration;
			baseConfigurationReference = 5041436C24F471D03ED724A5 /* Pods-Beyound.debug.xcconfig */;
			buildSettings = {
				ASSETCATALOG_COMPILER_APPICON_NAME = AppIcon;
				CODE_SIGN_ENTITLEMENTS = Beyound/Beyound.entitlements;
				DEVELOPMENT_TEAM = US832MQT35;
				INFOPLIST_FILE = Beyound/Info.plist;
				LD_RUNPATH_SEARCH_PATHS = "$(inherited) @executable_path/Frameworks";
				PRODUCT_BUNDLE_IDENTIFIER = com.beyound.Beyound;
				PRODUCT_NAME = "$(TARGET_NAME)";
				SWIFT_VERSION = 3.0;
			};
			name = Debug;
		};
		353940B31E612D20002AF590 /* Release */ = {
			isa = XCBuildConfiguration;
			baseConfigurationReference = 20814FB66C5CF5D256D4A4B8 /* Pods-Beyound.release.xcconfig */;
			buildSettings = {
				ASSETCATALOG_COMPILER_APPICON_NAME = AppIcon;
				CODE_SIGN_ENTITLEMENTS = Beyound/Beyound.entitlements;
				DEVELOPMENT_TEAM = US832MQT35;
				INFOPLIST_FILE = Beyound/Info.plist;
				LD_RUNPATH_SEARCH_PATHS = "$(inherited) @executable_path/Frameworks";
				PRODUCT_BUNDLE_IDENTIFIER = com.beyound.Beyound;
				PRODUCT_NAME = "$(TARGET_NAME)";
				SWIFT_VERSION = 3.0;
			};
			name = Release;
		};
		353940B51E612D20002AF590 /* Debug */ = {
			isa = XCBuildConfiguration;
			baseConfigurationReference = 6402EF3A0F635DD20173E59F /* Pods-BeyoundTests.debug.xcconfig */;
			buildSettings = {
				ALWAYS_EMBED_SWIFT_STANDARD_LIBRARIES = YES;
				BUNDLE_LOADER = "$(TEST_HOST)";
				INFOPLIST_FILE = BeyoundTests/Info.plist;
				LD_RUNPATH_SEARCH_PATHS = "$(inherited) @executable_path/Frameworks @loader_path/Frameworks";
				PRODUCT_BUNDLE_IDENTIFIER = br.com.beyound.BeyoundTests;
				PRODUCT_NAME = "$(TARGET_NAME)";
				SWIFT_VERSION = 3.0;
				TEST_HOST = "$(BUILT_PRODUCTS_DIR)/Beyound.app/Beyound";
			};
			name = Debug;
		};
		353940B61E612D20002AF590 /* Release */ = {
			isa = XCBuildConfiguration;
			baseConfigurationReference = A6E5BD152479B958583884CB /* Pods-BeyoundTests.release.xcconfig */;
			buildSettings = {
				ALWAYS_EMBED_SWIFT_STANDARD_LIBRARIES = YES;
				BUNDLE_LOADER = "$(TEST_HOST)";
				INFOPLIST_FILE = BeyoundTests/Info.plist;
				LD_RUNPATH_SEARCH_PATHS = "$(inherited) @executable_path/Frameworks @loader_path/Frameworks";
				PRODUCT_BUNDLE_IDENTIFIER = br.com.beyound.BeyoundTests;
				PRODUCT_NAME = "$(TARGET_NAME)";
				SWIFT_VERSION = 3.0;
				TEST_HOST = "$(BUILT_PRODUCTS_DIR)/Beyound.app/Beyound";
			};
			name = Release;
		};
		353940B81E612D20002AF590 /* Debug */ = {
			isa = XCBuildConfiguration;
			baseConfigurationReference = 68E7E1173953C88D1DEC23E8 /* Pods-BeyoundUITests.debug.xcconfig */;
			buildSettings = {
				ALWAYS_EMBED_SWIFT_STANDARD_LIBRARIES = YES;
				INFOPLIST_FILE = BeyoundUITests/Info.plist;
				LD_RUNPATH_SEARCH_PATHS = "$(inherited) @executable_path/Frameworks @loader_path/Frameworks";
				PRODUCT_BUNDLE_IDENTIFIER = br.com.beyound.BeyoundUITests;
				PRODUCT_NAME = "$(TARGET_NAME)";
				SWIFT_VERSION = 3.0;
				TEST_TARGET_NAME = Beyound;
			};
			name = Debug;
		};
		353940B91E612D20002AF590 /* Release */ = {
			isa = XCBuildConfiguration;
			baseConfigurationReference = 8DCBC16F96B6D2E453393B1B /* Pods-BeyoundUITests.release.xcconfig */;
			buildSettings = {
				ALWAYS_EMBED_SWIFT_STANDARD_LIBRARIES = YES;
				INFOPLIST_FILE = BeyoundUITests/Info.plist;
				LD_RUNPATH_SEARCH_PATHS = "$(inherited) @executable_path/Frameworks @loader_path/Frameworks";
				PRODUCT_BUNDLE_IDENTIFIER = br.com.beyound.BeyoundUITests;
				PRODUCT_NAME = "$(TARGET_NAME)";
				SWIFT_VERSION = 3.0;
				TEST_TARGET_NAME = Beyound;
			};
			name = Release;
		};
/* End XCBuildConfiguration section */

/* Begin XCConfigurationList section */
		353940811E612D1F002AF590 /* Build configuration list for PBXProject "Beyound" */ = {
			isa = XCConfigurationList;
			buildConfigurations = (
				353940AF1E612D20002AF590 /* Debug */,
				353940B01E612D20002AF590 /* Release */,
			);
			defaultConfigurationIsVisible = 0;
			defaultConfigurationName = Release;
		};
		353940B11E612D20002AF590 /* Build configuration list for PBXNativeTarget "Beyound" */ = {
			isa = XCConfigurationList;
			buildConfigurations = (
				353940B21E612D20002AF590 /* Debug */,
				353940B31E612D20002AF590 /* Release */,
			);
			defaultConfigurationIsVisible = 0;
			defaultConfigurationName = Release;
		};
		353940B41E612D20002AF590 /* Build configuration list for PBXNativeTarget "BeyoundTests" */ = {
			isa = XCConfigurationList;
			buildConfigurations = (
				353940B51E612D20002AF590 /* Debug */,
				353940B61E612D20002AF590 /* Release */,
			);
			defaultConfigurationIsVisible = 0;
			defaultConfigurationName = Release;
		};
		353940B71E612D20002AF590 /* Build configuration list for PBXNativeTarget "BeyoundUITests" */ = {
			isa = XCConfigurationList;
			buildConfigurations = (
				353940B81E612D20002AF590 /* Debug */,
				353940B91E612D20002AF590 /* Release */,
			);
			defaultConfigurationIsVisible = 0;
			defaultConfigurationName = Release;
		};
/* End XCConfigurationList section */

/* Begin XCVersionGroup section */
		353940901E612D1F002AF590 /* Beyound.xcdatamodeld */ = {
			isa = XCVersionGroup;
			children = (
				353940911E612D1F002AF590 /* Beyound.xcdatamodel */,
			);
			currentVersion = 353940911E612D1F002AF590 /* Beyound.xcdatamodel */;
			path = Beyound.xcdatamodeld;
			sourceTree = "<group>";
			versionGroupType = wrapper.xcdatamodel;
		};
/* End XCVersionGroup section */
	};
	rootObject = 3539407E1E612D1F002AF590 /* Project object */;
}
